Microsoft Visual Studio Solution File, Format Version 12.00
# Visual Studio Version 17
VisualStudioVersion = 17.5.2.0
MinimumVisualStudioVersion = 10.0.40219.1
Project("{FAE04EC0-301F-11D3-BF4B-00C04F79EFBC}") = "NumberGuessingGame", "NumberGuessingGame\NumberGuessingGame.csproj", "{9126CE2D-6BD5-7CAC-3C50-95A350AFB987}"
EndProject
Global
	GlobalSection(SolutionConfigurationPlatforms) = preSolution
		Debug|Any CPU = Debug|Any CPU
		Release|Any CPU = Release|Any CPU
	EndGlobalSection
	GlobalSection(ProjectConfigurationPlatforms) = postSolution
		{9126CE2D-6BD5-7CAC-3C50-95A350AFB987}.Debug|Any CPU.ActiveCfg = Debug|Any CPU
		{9126CE2D-6BD5-7CAC-3C50-95A350AFB987}.Debug|Any CPU.Build.0 = Debug|Any CPU
		{9126CE2D-6BD5-7CAC-3C50-95A350AFB987}.Release|Any CPU.ActiveCfg = Release|Any CPU
		{9126CE2D-6BD5-7CAC-3C50-95A350AFB987}.Release|Any CPU.Build.0 = Release|Any CPU
	EndGlobalSection
	GlobalSection(SolutionProperties) = preSolution
		HideSolutionNode = FALSE
	EndGlobalSection
	GlobalSection(ExtensibilityGlobals) = postSolution
		SolutionGuid = {01CAE64B-5C84-4506-BEBA-B8B46E77008A}
	EndGlobalSection
EndGlobal
